dependencies:
- name: cloudwatch
  repository: ""
  version: 0.1.0
- name: logging
  repository: ""
  version: 0.1.0
- name: audit-logs
  repository: ""
  version: 0.1.0
- name: secured-cluster
  repository: ""
  version: 0.1.0
- name: external-secrets
  repository: https://charts.external-secrets.io/
  version: 0.14.4
- name: vertical-pod-autoscaler
  repository: ""
  version: 0.1.0
digest: sha256:e488ffdb97f3aac4951308985ebd1711023ae8de774237583178ef83063b1181
generated: "2025-03-17T15:01:48.18316+01:00"
