dependencies:
- name: cloudwatch
  repository: ""
  version: 0.1.0
- name: observability
  repository: ""
  version: 0.1.0
- name: logging
  repository: ""
  version: 0.1.0
- name: audit-logs
  repository: ""
  version: 0.1.0
- name: secured-cluster
  repository: ""
  version: 0.1.0
- name: external-secrets
  repository: https://charts.external-secrets.io/
  version: 0.9.5
digest: sha256:4d1257d43daeda9d4f956f141edaba7f708838cbd2de86048f37261e9627f9cc
generated: "2023-10-30T11:48:03.686258+01:00"
