dependencies:
- name: cloudwatch
  repository: ""
  version: 0.1.0
- name: observability
  repository: ""
  version: 0.1.0
- name: logging
  repository: ""
  version: 0.1.0
- name: audit-logs
  repository: ""
  version: 0.1.0
- name: secured-cluster
  repository: ""
  version: 0.1.0
digest: sha256:4b3301d2cdd6907207fb21ad741b6fa1e5302aaff1ce6fe5315cab8519908d61
generated: "2023-07-06T21:15:28.778426+02:00"
